
Microsoft Visual Studio Solution File, Format Version 12.00
# Visual Studio Version 17
VisualStudioVersion = 17.13.35931.197 d17.13
MinimumVisualStudioVersion = 10.0.40219.1
Project("{FAE04EC0-301F-11D3-BF4B-00C04F79EFBC}") = "MvcGame", "MvcGame.csproj", "{D9D2D5C5-8BE0-4BCF-91D1-6B042E3AFA1B}"
EndProject
Global
	GlobalSection(SolutionConfigurationPlatforms) = preSolution
		Debug|Any CPU = Debug|Any CPU
		Release|Any CPU = Release|Any CPU
	EndGlobalSection
	GlobalSection(ProjectConfigurationPlatforms) = postSolution
		{D9D2D5C5-8BE0-4BCF-91D1-6B042E3AFA1B}.Debug|Any CPU.ActiveCfg = Debug|Any CPU
		{D9D2D5C5-8BE0-4BCF-91D1-6B042E3AFA1B}.Debug|Any CPU.Build.0 = Debug|Any CPU
		{D9D2D5C5-8BE0-4BCF-91D1-6B042E3AFA1B}.Release|Any CPU.ActiveCfg = Release|Any CPU
		{D9D2D5C5-8BE0-4BCF-91D1-6B042E3AFA1B}.Release|Any CPU.Build.0 = Release|Any CPU
	EndGlobalSection
	GlobalSection(SolutionProperties) = preSolution
		HideSolutionNode = FALSE
	EndGlobalSection
	GlobalSection(ExtensibilityGlobals) = postSolution
		SolutionGuid = {89450193-1784-4E2E-AF45-F8EF5BBD58FF}
	EndGlobalSection
EndGlobal
